// !$*UTF8*$!
{
	archiveVersion = 1;
	classes = {
	};
	objectVersion = 50;
	objects = {

/* Begin PBXBuildFile section */
		C918644D26DCBDBD000450F8 /* TextFieldAlert.swift in Sources */ = {isa = PBXBuildFile; fileRef = C918644C26DCBDBD000450F8 /* TextFieldAlert.swift */; };
		C918644E26DCBDBD000450F8 /* TextFieldAlert.swift in Sources */ = {isa = PBXBuildFile; fileRef = C918644C26DCBDBD000450F8 /* TextFieldAlert.swift */; };
		C918644F26DCBDBD000450F8 /* TextFieldAlert.swift in Sources */ = {isa = PBXBuildFile; fileRef = C918644C26DCBDBD000450F8 /* TextFieldAlert.swift */; };
		C918645026DCBDBD000450F8 /* TextFieldAlert.swift in Sources */ = {isa = PBXBuildFile; fileRef = C918644C26DCBDBD000450F8 /* TextFieldAlert.swift */; };
		C918645226DCE0F3000450F8 /* BranchHistoryView.swift in Sources */ = {isa = PBXBuildFile; fileRef = C918645126DCE0F3000450F8 /* BranchHistoryView.swift */; };
		C918645326DCE0F3000450F8 /* BranchHistoryView.swift in Sources */ = {isa = PBXBuildFile; fileRef = C918645126DCE0F3000450F8 /* BranchHistoryView.swift */; };
		C918645426DCE0F3000450F8 /* BranchHistoryView.swift in Sources */ = {isa = PBXBuildFile; fileRef = C918645126DCE0F3000450F8 /* BranchHistoryView.swift */; };
		C918645526DCE0F3000450F8 /* BranchHistoryView.swift in Sources */ = {isa = PBXBuildFile; fileRef = C918645126DCE0F3000450F8 /* BranchHistoryView.swift */; };
		C918645726DEC822000450F8 /* VersionView.swift in Sources */ = {isa = PBXBuildFile; fileRef = C918645626DEC822000450F8 /* VersionView.swift */; };
		C918645826DEC822000450F8 /* VersionView.swift in Sources */ = {isa = PBXBuildFile; fileRef = C918645626DEC822000450F8 /* VersionView.swift */; };
		C918645926DEC822000450F8 /* VersionView.swift in Sources */ = {isa = PBXBuildFile; fileRef = C918645626DEC822000450F8 /* VersionView.swift */; };
		C918645A26DEC822000450F8 /* VersionView.swift in Sources */ = {isa = PBXBuildFile; fileRef = C918645626DEC822000450F8 /* VersionView.swift */; };
		C950752D26D2557C0042B175 /* Tests_iOS.swift in Sources */ = {isa = PBXBuildFile; fileRef = C950752C26D2557C0042B175 /* Tests_iOS.swift */; };
		C950753826D2557C0042B175 /* Tests_macOS.swift in Sources */ = {isa = PBXBuildFile; fileRef = C950753726D2557C0042B175 /* Tests_macOS.swift */; };
		C950753A26D2557C0042B175 /* Forking.xcdatamodeld in Sources */ = {isa = PBXBuildFile; fileRef = C950750E26D2557B0042B175 /* Forking.xcdatamodeld */; };
		C950753B26D2557C0042B175 /* Forking.xcdatamodeld in Sources */ = {isa = PBXBuildFile; fileRef = C950750E26D2557B0042B175 /* Forking.xcdatamodeld */; };
		C950753C26D2557C0042B175 /* ForkingApp.swift in Sources */ = {isa = PBXBuildFile; fileRef = C950751026D2557B0042B175 /* ForkingApp.swift */; };
		C950753D26D2557C0042B175 /* ForkingApp.swift in Sources */ = {isa = PBXBuildFile; fileRef = C950751026D2557B0042B175 /* ForkingApp.swift */; };
		C950754026D2557C0042B175 /* Persistence.swift in Sources */ = {isa = PBXBuildFile; fileRef = C950751226D2557B0042B175 /* Persistence.swift */; };
		C950754126D2557C0042B175 /* Persistence.swift in Sources */ = {isa = PBXBuildFile; fileRef = C950751226D2557B0042B175 /* Persistence.swift */; };
		C950754226D2557C0042B175 /* Assets.xcassets in Resources */ = {isa = PBXBuildFile; fileRef = C950751326D2557C0042B175 /* Assets.xcassets */; };
		C950754326D2557C0042B175 /* Assets.xcassets in Resources */ = {isa = PBXBuildFile; fileRef = C950751326D2557C0042B175 /* Assets.xcassets */; };
		C950755F26D285A70042B175 /* ListRecipesView.swift in Sources */ = {isa = PBXBuildFile; fileRef = C950755E26D285A70042B175 /* ListRecipesView.swift */; };
		C950756026D285A70042B175 /* ListRecipesView.swift in Sources */ = {isa = PBXBuildFile; fileRef = C950755E26D285A70042B175 /* ListRecipesView.swift */; };
		C950756126D285A70042B175 /* ListRecipesView.swift in Sources */ = {isa = PBXBuildFile; fileRef = C950755E26D285A70042B175 /* ListRecipesView.swift */; };
		C950756226D285A70042B175 /* ListRecipesView.swift in Sources */ = {isa = PBXBuildFile; fileRef = C950755E26D285A70042B175 /* ListRecipesView.swift */; };
		C950756426D2877D0042B175 /* EditRecipeView.swift in Sources */ = {isa = PBXBuildFile; fileRef = C950756326D2877D0042B175 /* EditRecipeView.swift */; };
		C950756526D2877D0042B175 /* EditRecipeView.swift in Sources */ = {isa = PBXBuildFile; fileRef = C950756326D2877D0042B175 /* EditRecipeView.swift */; };
		C950756626D2877D0042B175 /* EditRecipeView.swift in Sources */ = {isa = PBXBuildFile; fileRef = C950756326D2877D0042B175 /* EditRecipeView.swift */; };
		C950756726D2877D0042B175 /* EditRecipeView.swift in Sources */ = {isa = PBXBuildFile; fileRef = C950756326D2877D0042B175 /* EditRecipeView.swift */; };
		C950756E26D28A860042B175 /* EditIngredientView.swift in Sources */ = {isa = PBXBuildFile; fileRef = C950756D26D28A860042B175 /* EditIngredientView.swift */; };
		C950756F26D28A860042B175 /* EditIngredientView.swift in Sources */ = {isa = PBXBuildFile; fileRef = C950756D26D28A860042B175 /* EditIngredientView.swift */; };
		C950757026D28A860042B175 /* EditIngredientView.swift in Sources */ = {isa = PBXBuildFile; fileRef = C950756D26D28A860042B175 /* EditIngredientView.swift */; };
		C950757126D28A860042B175 /* EditIngredientView.swift in Sources */ = {isa = PBXBuildFile; fileRef = C950756D26D28A860042B175 /* EditIngredientView.swift */; };
		C950757326D292F80042B175 /* RecipeView.swift in Sources */ = {isa = PBXBuildFile; fileRef = C950757226D292F80042B175 /* RecipeView.swift */; };
		C950757426D292F80042B175 /* RecipeView.swift in Sources */ = {isa = PBXBuildFile; fileRef = C950757226D292F80042B175 /* RecipeView.swift */; };
		C950757526D292F80042B175 /* RecipeView.swift in Sources */ = {isa = PBXBuildFile; fileRef = C950757226D292F80042B175 /* RecipeView.swift */; };
		C950757626D292F80042B175 /* RecipeView.swift in Sources */ = {isa = PBXBuildFile; fileRef = C950757226D292F80042B175 /* RecipeView.swift */; };
		C9530BB226D2F95900DA1660 /* Note+CoreDataClass.swift in Sources */ = {isa = PBXBuildFile; fileRef = C9530BA626D2F95900DA1660 /* Note+CoreDataClass.swift */; };
		C9530BB326D2F95900DA1660 /* Note+CoreDataClass.swift in Sources */ = {isa = PBXBuildFile; fileRef = C9530BA626D2F95900DA1660 /* Note+CoreDataClass.swift */; };
		C9530BB426D2F95900DA1660 /* Note+CoreDataClass.swift in Sources */ = {isa = PBXBuildFile; fileRef = C9530BA626D2F95900DA1660 /* Note+CoreDataClass.swift */; };
		C9530BB526D2F95900DA1660 /* Note+CoreDataClass.swift in Sources */ = {isa = PBXBuildFile; fileRef = C9530BA626D2F95900DA1660 /* Note+CoreDataClass.swift */; };
		C9530BB626D2F95900DA1660 /* Note+CoreDataProperties.swift in Sources */ = {isa = PBXBuildFile; fileRef = C9530BA726D2F95900DA1660 /* Note+CoreDataProperties.swift */; };
		C9530BB726D2F95900DA1660 /* Note+CoreDataProperties.swift in Sources */ = {isa = PBXBuildFile; fileRef = C9530BA726D2F95900DA1660 /* Note+CoreDataProperties.swift */; };
		C9530BB826D2F95900DA1660 /* Note+CoreDataProperties.swift in Sources */ = {isa = PBXBuildFile; fileRef = C9530BA726D2F95900DA1660 /* Note+CoreDataProperties.swift */; };
		C9530BB926D2F95900DA1660 /* Note+CoreDataProperties.swift in Sources */ = {isa = PBXBuildFile; fileRef = C9530BA726D2F95900DA1660 /* Note+CoreDataProperties.swift */; };
		C9530BBA26D2F95900DA1660 /* Recipe+CoreDataClass.swift in Sources */ = {isa = PBXBuildFile; fileRef = C9530BA826D2F95900DA1660 /* Recipe+CoreDataClass.swift */; };
		C9530BBB26D2F95900DA1660 /* Recipe+CoreDataClass.swift in Sources */ = {isa = PBXBuildFile; fileRef = C9530BA826D2F95900DA1660 /* Recipe+CoreDataClass.swift */; };
		C9530BBC26D2F95900DA1660 /* Recipe+CoreDataClass.swift in Sources */ = {isa = PBXBuildFile; fileRef = C9530BA826D2F95900DA1660 /* Recipe+CoreDataClass.swift */; };
		C9530BBD26D2F95900DA1660 /* Recipe+CoreDataClass.swift in Sources */ = {isa = PBXBuildFile; fileRef = C9530BA826D2F95900DA1660 /* Recipe+CoreDataClass.swift */; };
		C9530BBE26D2F95900DA1660 /* Recipe+CoreDataProperties.swift in Sources */ = {isa = PBXBuildFile; fileRef = C9530BA926D2F95900DA1660 /* Recipe+CoreDataProperties.swift */; };
		C9530BBF26D2F95900DA1660 /* Recipe+CoreDataProperties.swift in Sources */ = {isa = PBXBuildFile; fileRef = C9530BA926D2F95900DA1660 /* Recipe+CoreDataProperties.swift */; };
		C9530BC026D2F95900DA1660 /* Recipe+CoreDataProperties.swift in Sources */ = {isa = PBXBuildFile; fileRef = C9530BA926D2F95900DA1660 /* Recipe+CoreDataProperties.swift */; };
		C9530BC126D2F95900DA1660 /* Recipe+CoreDataProperties.swift in Sources */ = {isa = PBXBuildFile; fileRef = C9530BA926D2F95900DA1660 /* Recipe+CoreDataProperties.swift */; };
		C9530BC226D2F95900DA1660 /* Branch+CoreDataClass.swift in Sources */ = {isa = PBXBuildFile; fileRef = C9530BAA26D2F95900DA1660 /* Branch+CoreDataClass.swift */; };
		C9530BC326D2F95900DA1660 /* Branch+CoreDataClass.swift in Sources */ = {isa = PBXBuildFile; fileRef = C9530BAA26D2F95900DA1660 /* Branch+CoreDataClass.swift */; };
		C9530BC426D2F95900DA1660 /* Branch+CoreDataClass.swift in Sources */ = {isa = PBXBuildFile; fileRef = C9530BAA26D2F95900DA1660 /* Branch+CoreDataClass.swift */; };
		C9530BC526D2F95900DA1660 /* Branch+CoreDataClass.swift in Sources */ = {isa = PBXBuildFile; fileRef = C9530BAA26D2F95900DA1660 /* Branch+CoreDataClass.swift */; };
		C9530BC626D2F95900DA1660 /* Branch+CoreDataProperties.swift in Sources */ = {isa = PBXBuildFile; fileRef = C9530BAB26D2F95900DA1660 /* Branch+CoreDataProperties.swift */; };
		C9530BC726D2F95900DA1660 /* Branch+CoreDataProperties.swift in Sources */ = {isa = PBXBuildFile; fileRef = C9530BAB26D2F95900DA1660 /* Branch+CoreDataProperties.swift */; };
		C9530BC826D2F95900DA1660 /* Branch+CoreDataProperties.swift in Sources */ = {isa = PBXBuildFile; fileRef = C9530BAB26D2F95900DA1660 /* Branch+CoreDataProperties.swift */; };
		C9530BC926D2F95900DA1660 /* Branch+CoreDataProperties.swift in Sources */ = {isa = PBXBuildFile; fileRef = C9530BAB26D2F95900DA1660 /* Branch+CoreDataProperties.swift */; };
		C9530BDA26D2F95900DA1660 /* Version+CoreDataClass.swift in Sources */ = {isa = PBXBuildFile; fileRef = C9530BB026D2F95900DA1660 /* Version+CoreDataClass.swift */; };
		C9530BDB26D2F95900DA1660 /* Version+CoreDataClass.swift in Sources */ = {isa = PBXBuildFile; fileRef = C9530BB026D2F95900DA1660 /* Version+CoreDataClass.swift */; };
		C9530BDC26D2F95900DA1660 /* Version+CoreDataClass.swift in Sources */ = {isa = PBXBuildFile; fileRef = C9530BB026D2F95900DA1660 /* Version+CoreDataClass.swift */; };
		C9530BDD26D2F95900DA1660 /* Version+CoreDataClass.swift in Sources */ = {isa = PBXBuildFile; fileRef = C9530BB026D2F95900DA1660 /* Version+CoreDataClass.swift */; };
		C9530BDE26D2F95900DA1660 /* Version+CoreDataProperties.swift in Sources */ = {isa = PBXBuildFile; fileRef = C9530BB126D2F95900DA1660 /* Version+CoreDataProperties.swift */; };
		C9530BDF26D2F95900DA1660 /* Version+CoreDataProperties.swift in Sources */ = {isa = PBXBuildFile; fileRef = C9530BB126D2F95900DA1660 /* Version+CoreDataProperties.swift */; };
		C9530BE026D2F95900DA1660 /* Version+CoreDataProperties.swift in Sources */ = {isa = PBXBuildFile; fileRef = C9530BB126D2F95900DA1660 /* Version+CoreDataProperties.swift */; };
		C9530BE126D2F95900DA1660 /* Version+CoreDataProperties.swift in Sources */ = {isa = PBXBuildFile; fileRef = C9530BB126D2F95900DA1660 /* Version+CoreDataProperties.swift */; };
		C9530BE426D42D7B00DA1660 /* IngredientListView.swift in Sources */ = {isa = PBXBuildFile; fileRef = C9530BE326D42D7B00DA1660 /* IngredientListView.swift */; };
		C9530BE526D42D7B00DA1660 /* IngredientListView.swift in Sources */ = {isa = PBXBuildFile; fileRef = C9530BE326D42D7B00DA1660 /* IngredientListView.swift */; };
		C9530BE626D42D7B00DA1660 /* IngredientListView.swift in Sources */ = {isa = PBXBuildFile; fileRef = C9530BE326D42D7B00DA1660 /* IngredientListView.swift */; };
		C9530BE726D42D7B00DA1660 /* IngredientListView.swift in Sources */ = {isa = PBXBuildFile; fileRef = C9530BE326D42D7B00DA1660 /* IngredientListView.swift */; };
		C99F598226D6541000F0AA20 /* NewNoteView.swift in Sources */ = {isa = PBXBuildFile; fileRef = C99F598126D6541000F0AA20 /* NewNoteView.swift */; };
		C99F598326D6541000F0AA20 /* NewNoteView.swift in Sources */ = {isa = PBXBuildFile; fileRef = C99F598126D6541000F0AA20 /* NewNoteView.swift */; };
		C99F598426D6541000F0AA20 /* NewNoteView.swift in Sources */ = {isa = PBXBuildFile; fileRef = C99F598126D6541000F0AA20 /* NewNoteView.swift */; };
		C99F598526D6541000F0AA20 /* NewNoteView.swift in Sources */ = {isa = PBXBuildFile; fileRef = C99F598126D6541000F0AA20 /* NewNoteView.swift */; };
		C99F598726D6779500F0AA20 /* ListBranchesView.swift in Sources */ = {isa = PBXBuildFile; fileRef = C99F598626D6779500F0AA20 /* ListBranchesView.swift */; };
		C99F598826D6779500F0AA20 /* ListBranchesView.swift in Sources */ = {isa = PBXBuildFile; fileRef = C99F598626D6779500F0AA20 /* ListBranchesView.swift */; };
		C99F598926D6779500F0AA20 /* ListBranchesView.swift in Sources */ = {isa = PBXBuildFile; fileRef = C99F598626D6779500F0AA20 /* ListBranchesView.swift */; };
		C99F598A26D6779500F0AA20 /* ListBranchesView.swift in Sources */ = {isa = PBXBuildFile; fileRef = C99F598626D6779500F0AA20 /* ListBranchesView.swift */; };
		C99F598C26D6D89000F0AA20 /* EditBranchView.swift in Sources */ = {isa = PBXBuildFile; fileRef = C99F598B26D6D89000F0AA20 /* EditBranchView.swift */; };
		C99F598D26D6D89000F0AA20 /* EditBranchView.swift in Sources */ = {isa = PBXBuildFile; fileRef = C99F598B26D6D89000F0AA20 /* EditBranchView.swift */; };
		C99F598E26D6D89000F0AA20 /* EditBranchView.swift in Sources */ = {isa = PBXBuildFile; fileRef = C99F598B26D6D89000F0AA20 /* EditBranchView.swift */; };
		C99F598F26D6D89000F0AA20 /* EditBranchView.swift in Sources */ = {isa = PBXBuildFile; fileRef = C99F598B26D6D89000F0AA20 /* EditBranchView.swift */; };
		C99F599126D6D8CD00F0AA20 /* NewBranchView.swift in Sources */ = {isa = PBXBuildFile; fileRef = C99F599026D6D8CD00F0AA20 /* NewBranchView.swift */; };
		C99F599226D6D8CD00F0AA20 /* NewBranchView.swift in Sources */ = {isa = PBXBuildFile; fileRef = C99F599026D6D8CD00F0AA20 /* NewBranchView.swift */; };
		C99F599326D6D8CD00F0AA20 /* NewBranchView.swift in Sources */ = {isa = PBXBuildFile; fileRef = C99F599026D6D8CD00F0AA20 /* NewBranchView.swift */; };
		C99F599426D6D8CD00F0AA20 /* NewBranchView.swift in Sources */ = {isa = PBXBuildFile; fileRef = C99F599026D6D8CD00F0AA20 /* NewBranchView.swift */; };
		C99F599626D7717C00F0AA20 /* CompareBranchesView.swift in Sources */ = {isa = PBXBuildFile; fileRef = C99F599526D7717C00F0AA20 /* CompareBranchesView.swift */; };
		C99F599726D7717C00F0AA20 /* CompareBranchesView.swift in Sources */ = {isa = PBXBuildFile; fileRef = C99F599526D7717C00F0AA20 /* CompareBranchesView.swift */; };
		C99F599826D7717C00F0AA20 /* CompareBranchesView.swift in Sources */ = {isa = PBXBuildFile; fileRef = C99F599526D7717C00F0AA20 /* CompareBranchesView.swift */; };
		C99F599926D7717C00F0AA20 /* CompareBranchesView.swift in Sources */ = {isa = PBXBuildFile; fileRef = C99F599526D7717C00F0AA20 /* CompareBranchesView.swift */; };
/* End PBXBuildFile section */

/* Begin PBXContainerItemProxy section */
		C950752926D2557C0042B175 /* PBXContainerItemProxy */ = {
			isa = PBXContainerItemProxy;
			containerPortal = C950750926D2557B0042B175 /* Project object */;
			proxyType = 1;
			remoteGlobalIDString = C950751726D2557C0042B175;
			remoteInfo = "Forking (iOS)";
		};
		C950753426D2557C0042B175 /* PBXContainerItemProxy */ = {
			isa = PBXContainerItemProxy;
			containerPortal = C950750926D2557B0042B175 /* Project object */;
			proxyType = 1;
			remoteGlobalIDString = C950751F26D2557C0042B175;
			remoteInfo = "Forking (macOS)";
		};
/* End PBXContainerItemProxy section */

/* Begin PBXFileReference section */
		C918644C26DCBDBD000450F8 /* TextFieldAlert.swift */ = {isa = PBXFileReference; lastKnownFileType = sourcecode.swift; path = TextFieldAlert.swift; sourceTree = "<group>"; };
		C918645126DCE0F3000450F8 /* BranchHistoryView.swift */ = {isa = PBXFileReference; lastKnownFileType = sourcecode.swift; path = BranchHistoryView.swift; sourceTree = "<group>"; };
		C918645626DEC822000450F8 /* VersionView.swift */ = {isa = PBXFileReference; lastKnownFileType = sourcecode.swift; path = VersionView.swift; sourceTree = "<group>"; };
		C950750F26D2557B0042B175 /* Shared.xcdatamodel */ = {isa = PBXFileReference; lastKnownFileType = wrapper.xcdatamodel; path = Shared.xcdatamodel; sourceTree = "<group>"; };
		C950751026D2557B0042B175 /* ForkingApp.swift */ = {isa = PBXFileReference; lastKnownFileType = sourcecode.swift; path = ForkingApp.swift; sourceTree = "<group>"; };
		C950751226D2557B0042B175 /* Persistence.swift */ = {isa = PBXFileReference; lastKnownFileType = sourcecode.swift; path = Persistence.swift; sourceTree = "<group>"; };
		C950751326D2557C0042B175 /* Assets.xcassets */ = {isa = PBXFileReference; lastKnownFileType = folder.assetcatalog; path = Assets.xcassets; sourceTree = "<group>"; };
		C950751826D2557C0042B175 /* Forking.app */ = {isa = PBXFileReference; explicitFileType = wrapper.application; includeInIndex = 0; path = Forking.app; sourceTree = BUILT_PRODUCTS_DIR; };
		C950751B26D2557C0042B175 /* Info.plist */ = {isa = PBXFileReference; lastKnownFileType = text.plist.xml; path = Info.plist; sourceTree = "<group>"; };
		C950752026D2557C0042B175 /* Forking.app */ = {isa = PBXFileReference; explicitFileType = wrapper.application; includeInIndex = 0; path = Forking.app; sourceTree = BUILT_PRODUCTS_DIR; };
		C950752226D2557C0042B175 /* Info.plist */ = {isa = PBXFileReference; lastKnownFileType = text.plist.xml; path = Info.plist; sourceTree = "<group>"; };
		C950752326D2557C0042B175 /* macOS.entitlements */ = {isa = PBXFileReference; lastKnownFileType = text.plist.entitlements; path = macOS.entitlements; sourceTree = "<group>"; };
		C950752826D2557C0042B175 /* Tests iOS.xctest */ = {isa = PBXFileReference; explicitFileType = wrapper.cfbundle; includeInIndex = 0; path = "Tests iOS.xctest"; sourceTree = BUILT_PRODUCTS_DIR; };
		C950752C26D2557C0042B175 /* Tests_iOS.swift */ = {isa = PBXFileReference; lastKnownFileType = sourcecode.swift; path = Tests_iOS.swift; sourceTree = "<group>"; };
		C950752E26D2557C0042B175 /* Info.plist */ = {isa = PBXFileReference; lastKnownFileType = text.plist.xml; path = Info.plist; sourceTree = "<group>"; };
		C950753326D2557C0042B175 /* Tests macOS.xctest */ = {isa = PBXFileReference; explicitFileType = wrapper.cfbundle; includeInIndex = 0; path = "Tests macOS.xctest"; sourceTree = BUILT_PRODUCTS_DIR; };
		C950753726D2557C0042B175 /* Tests_macOS.swift */ = {isa = PBXFileReference; lastKnownFileType = sourcecode.swift; path = Tests_macOS.swift; sourceTree = "<group>"; };
		C950753926D2557C0042B175 /* Info.plist */ = {isa = PBXFileReference; lastKnownFileType = text.plist.xml; path = Info.plist; sourceTree = "<group>"; };
		C950755E26D285A70042B175 /* ListRecipesView.swift */ = {isa = PBXFileReference; lastKnownFileType = sourcecode.swift; path = ListRecipesView.swift; sourceTree = "<group>"; };
		C950756326D2877D0042B175 /* EditRecipeView.swift */ = {isa = PBXFileReference; lastKnownFileType = sourcecode.swift; path = EditRecipeView.swift; sourceTree = "<group>"; };
		C950756D26D28A860042B175 /* EditIngredientView.swift */ = {isa = PBXFileReference; lastKnownFileType = sourcecode.swift; path = EditIngredientView.swift; sourceTree = "<group>"; };
		C950757226D292F80042B175 /* RecipeView.swift */ = {isa = PBXFileReference; lastKnownFileType = sourcecode.swift; path = RecipeView.swift; sourceTree = "<group>"; };
		C9530BA626D2F95900DA1660 /* Note+CoreDataClass.swift */ = {isa = PBXFileReference; lastKnownFileType = sourcecode.swift; path = "Note+CoreDataClass.swift"; sourceTree = "<group>"; };
		C9530BA726D2F95900DA1660 /* Note+CoreDataProperties.swift */ = {isa = PBXFileReference; lastKnownFileType = sourcecode.swift; path = "Note+CoreDataProperties.swift"; sourceTree = "<group>"; };
		C9530BA826D2F95900DA1660 /* Recipe+CoreDataClass.swift */ = {isa = PBXFileReference; lastKnownFileType = sourcecode.swift; path = "Recipe+CoreDataClass.swift"; sourceTree = "<group>"; };
		C9530BA926D2F95900DA1660 /* Recipe+CoreDataProperties.swift */ = {isa = PBXFileReference; lastKnownFileType = sourcecode.swift; path = "Recipe+CoreDataProperties.swift"; sourceTree = "<group>"; };
		C9530BAA26D2F95900DA1660 /* Branch+CoreDataClass.swift */ = {isa = PBXFileReference; lastKnownFileType = sourcecode.swift; path = "Branch+CoreDataClass.swift"; sourceTree = "<group>"; };
		C9530BAB26D2F95900DA1660 /* Branch+CoreDataProperties.swift */ = {isa = PBXFileReference; lastKnownFileType = sourcecode.swift; path = "Branch+CoreDataProperties.swift"; sourceTree = "<group>"; };
		C9530BB026D2F95900DA1660 /* Version+CoreDataClass.swift */ = {isa = PBXFileReference; lastKnownFileType = sourcecode.swift; path = "Version+CoreDataClass.swift"; sourceTree = "<group>"; };
		C9530BB126D2F95900DA1660 /* Version+CoreDataProperties.swift */ = {isa = PBXFileReference; lastKnownFileType = sourcecode.swift; path = "Version+CoreDataProperties.swift"; sourceTree = "<group>"; };
		C9530BE326D42D7B00DA1660 /* IngredientListView.swift */ = {isa = PBXFileReference; lastKnownFileType = sourcecode.swift; path = IngredientListView.swift; sourceTree = "<group>"; };
		C99F598126D6541000F0AA20 /* NewNoteView.swift */ = {isa = PBXFileReference; lastKnownFileType = sourcecode.swift; path = NewNoteView.swift; sourceTree = "<group>"; };
		C99F598626D6779500F0AA20 /* ListBranchesView.swift */ = {isa = PBXFileReference; lastKnownFileType = sourcecode.swift; path = ListBranchesView.swift; sourceTree = "<group>"; };
		C99F598B26D6D89000F0AA20 /* EditBranchView.swift */ = {isa = PBXFileReference; lastKnownFileType = sourcecode.swift; path = EditBranchView.swift; sourceTree = "<group>"; };
		C99F599026D6D8CD00F0AA20 /* NewBranchView.swift */ = {isa = PBXFileReference; lastKnownFileType = sourcecode.swift; path = NewBranchView.swift; sourceTree = "<group>"; };
		C99F599526D7717C00F0AA20 /* CompareBranchesView.swift */ = {isa = PBXFileReference; lastKnownFileType = sourcecode.swift; path = CompareBranchesView.swift; sourceTree = "<group>"; };
/* End PBXFileReference section */

/* Begin PBXFrameworksBuildPhase section */
		C950751526D2557C0042B175 /* Frameworks */ = {
			isa = PBXFrameworksBuildPhase;
			buildActionMask = 2147483647;
			files = (
			);
			runOnlyForDeploymentPostprocessing = 0;
		};
		C950751D26D2557C0042B175 /* Frameworks */ = {
			isa = PBXFrameworksBuildPhase;
			buildActionMask = 2147483647;
			files = (
			);
			runOnlyForDeploymentPostprocessing = 0;
		};
		C950752526D2557C0042B175 /* Frameworks */ = {
			isa = PBXFrameworksBuildPhase;
			buildActionMask = 2147483647;
			files = (
			);
			runOnlyForDeploymentPostprocessing = 0;
		};
		C950753026D2557C0042B175 /* Frameworks */ = {
			isa = PBXFrameworksBuildPhase;
			buildActionMask = 2147483647;
			files = (
			);
			runOnlyForDeploymentPostprocessing = 0;
		};
/* End PBXFrameworksBuildPhase section */

/* Begin PBXGroup section */
		C950750826D2557B0042B175 = {
			isa = PBXGroup;
			children = (
				C950750D26D2557B0042B175 /* Shared */,
				C950751A26D2557C0042B175 /* iOS */,
				C950752126D2557C0042B175 /* macOS */,
				C950752B26D2557C0042B175 /* Tests iOS */,
				C950753626D2557C0042B175 /* Tests macOS */,
				C950751926D2557C0042B175 /* Products */,
			);
			sourceTree = "<group>";
		};
		C950750D26D2557B0042B175 /* Shared */ = {
			isa = PBXGroup;
			children = (
				C9530BE226D42D5F00DA1660 /* Components */,
				C950755226D255930042B175 /* Models */,
				C950755326D2559B0042B175 /* Views */,
				C950751026D2557B0042B175 /* ForkingApp.swift */,
				C950751226D2557B0042B175 /* Persistence.swift */,
				C950751326D2557C0042B175 /* Assets.xcassets */,
				C950750E26D2557B0042B175 /* Forking.xcdatamodeld */,
			);
			path = Shared;
			sourceTree = "<group>";
		};
		C950751926D2557C0042B175 /* Products */ = {
			isa = PBXGroup;
			children = (
				C950751826D2557C0042B175 /* Forking.app */,
				C950752026D2557C0042B175 /* Forking.app */,
				C950752826D2557C0042B175 /* Tests iOS.xctest */,
				C950753326D2557C0042B175 /* Tests macOS.xctest */,
			);
			name = Products;
			sourceTree = "<group>";
		};
		C950751A26D2557C0042B175 /* iOS */ = {
			isa = PBXGroup;
			children = (
				C950751B26D2557C0042B175 /* Info.plist */,
			);
			path = iOS;
			sourceTree = "<group>";
		};
		C950752126D2557C0042B175 /* macOS */ = {
			isa = PBXGroup;
			children = (
				C950752226D2557C0042B175 /* Info.plist */,
				C950752326D2557C0042B175 /* macOS.entitlements */,
			);
			path = macOS;
			sourceTree = "<group>";
		};
		C950752B26D2557C0042B175 /* Tests iOS */ = {
			isa = PBXGroup;
			children = (
				C950752C26D2557C0042B175 /* Tests_iOS.swift */,
				C950752E26D2557C0042B175 /* Info.plist */,
			);
			path = "Tests iOS";
			sourceTree = "<group>";
		};
		C950753626D2557C0042B175 /* Tests macOS */ = {
			isa = PBXGroup;
			children = (
				C950753726D2557C0042B175 /* Tests_macOS.swift */,
				C950753926D2557C0042B175 /* Info.plist */,
			);
			path = "Tests macOS";
			sourceTree = "<group>";
		};
		C950755226D255930042B175 /* Models */ = {
			isa = PBXGroup;
			children = (
				C9530BA626D2F95900DA1660 /* Note+CoreDataClass.swift */,
				C9530BA726D2F95900DA1660 /* Note+CoreDataProperties.swift */,
				C9530BA826D2F95900DA1660 /* Recipe+CoreDataClass.swift */,
				C9530BA926D2F95900DA1660 /* Recipe+CoreDataProperties.swift */,
				C9530BAA26D2F95900DA1660 /* Branch+CoreDataClass.swift */,
				C9530BAB26D2F95900DA1660 /* Branch+CoreDataProperties.swift */,
				C9530BB026D2F95900DA1660 /* Version+CoreDataClass.swift */,
				C9530BB126D2F95900DA1660 /* Version+CoreDataProperties.swift */,
			);
			path = Models;
			sourceTree = "<group>";
		};
		C950755326D2559B0042B175 /* Views */ = {
			isa = PBXGroup;
			children = (
				C950755E26D285A70042B175 /* ListRecipesView.swift */,
				C950756326D2877D0042B175 /* EditRecipeView.swift */,
				C950756D26D28A860042B175 /* EditIngredientView.swift */,
				C950757226D292F80042B175 /* RecipeView.swift */,
				C99F598126D6541000F0AA20 /* NewNoteView.swift */,
				C99F598626D6779500F0AA20 /* ListBranchesView.swift */,
				C99F598B26D6D89000F0AA20 /* EditBranchView.swift */,
				C99F599026D6D8CD00F0AA20 /* NewBranchView.swift */,
				C99F599526D7717C00F0AA20 /* CompareBranchesView.swift */,
				C918645126DCE0F3000450F8 /* BranchHistoryView.swift */,
				C918645626DEC822000450F8 /* VersionView.swift */,
			);
			path = Views;
			sourceTree = "<group>";
		};
		C9530BE226D42D5F00DA1660 /* Components */ = {
			isa = PBXGroup;
			children = (
				C9530BE326D42D7B00DA1660 /* IngredientListView.swift */,
				C918644C26DCBDBD000450F8 /* TextFieldAlert.swift */,
			);
			path = Components;
			sourceTree = "<group>";
		};
/* End PBXGroup section */

/* Begin PBXNativeTarget section */
		C950751726D2557C0042B175 /* Forking (iOS) */ = {
			isa = PBXNativeTarget;
			buildConfigurationList = C950754626D2557C0042B175 /* Build configuration list for PBXNativeTarget "Forking (iOS)" */;
			buildPhases = (
				C950751426D2557C0042B175 /* Sources */,
				C950751526D2557C0042B175 /* Frameworks */,
				C950751626D2557C0042B175 /* Resources */,
			);
			buildRules = (
			);
			dependencies = (
			);
			name = "Forking (iOS)";
			productName = "Forking (iOS)";
			productReference = C950751826D2557C0042B175 /* Forking.app */;
			productType = "com.apple.product-type.application";
		};
		C950751F26D2557C0042B175 /* Forking (macOS) */ = {
			isa = PBXNativeTarget;
			buildConfigurationList = C950754926D2557C0042B175 /* Build configuration list for PBXNativeTarget "Forking (macOS)" */;
			buildPhases = (
				C950751C26D2557C0042B175 /* Sources */,
				C950751D26D2557C0042B175 /* Frameworks */,
				C950751E26D2557C0042B175 /* Resources */,
			);
			buildRules = (
			);
			dependencies = (
			);
			name = "Forking (macOS)";
			productName = "Forking (macOS)";
			productReference = C950752026D2557C0042B175 /* Forking.app */;
			productType = "com.apple.product-type.application";
		};
		C950752726D2557C0042B175 /* Tests iOS */ = {
			isa = PBXNativeTarget;
			buildConfigurationList = C950754C26D2557C0042B175 /* Build configuration list for PBXNativeTarget "Tests iOS" */;
			buildPhases = (
				C950752426D2557C0042B175 /* Sources */,
				C950752526D2557C0042B175 /* Frameworks */,
				C950752626D2557C0042B175 /* Resources */,
			);
			buildRules = (
			);
			dependencies = (
				C950752A26D2557C0042B175 /* PBXTargetDependency */,
			);
			name = "Tests iOS";
			productName = "Tests iOS";
			productReference = C950752826D2557C0042B175 /* Tests iOS.xctest */;
			productType = "com.apple.product-type.bundle.ui-testing";
		};
		C950753226D2557C0042B175 /* Tests macOS */ = {
			isa = PBXNativeTarget;
			buildConfigurationList = C950754F26D2557C0042B175 /* Build configuration list for PBXNativeTarget "Tests macOS" */;
			buildPhases = (
				C950752F26D2557C0042B175 /* Sources */,
				C950753026D2557C0042B175 /* Frameworks */,
				C950753126D2557C0042B175 /* Resources */,
			);
			buildRules = (
			);
			dependencies = (
				C950753526D2557C0042B175 /* PBXTargetDependency */,
			);
			name = "Tests macOS";
			productName = "Tests macOS";
			productReference = C950753326D2557C0042B175 /* Tests macOS.xctest */;
			productType = "com.apple.product-type.bundle.ui-testing";
		};
/* End PBXNativeTarget section */

/* Begin PBXProject section */
		C950750926D2557B0042B175 /* Project object */ = {
			isa = PBXProject;
			attributes = {
				LastSwiftUpdateCheck = 1250;
				LastUpgradeCheck = 1250;
				TargetAttributes = {
					C950751726D2557C0042B175 = {
						CreatedOnToolsVersion = 12.5.1;
					};
					C950751F26D2557C0042B175 = {
						CreatedOnToolsVersion = 12.5.1;
					};
					C950752726D2557C0042B175 = {
						CreatedOnToolsVersion = 12.5.1;
						TestTargetID = C950751726D2557C0042B175;
					};
					C950753226D2557C0042B175 = {
						CreatedOnToolsVersion = 12.5.1;
						TestTargetID = C950751F26D2557C0042B175;
					};
				};
			};
			buildConfigurationList = C950750C26D2557B0042B175 /* Build configuration list for PBXProject "Forking" */;
			compatibilityVersion = "Xcode 9.3";
			developmentRegion = en;
			hasScannedForEncodings = 0;
			knownRegions = (
				en,
				Base,
			);
			mainGroup = C950750826D2557B0042B175;
			productRefGroup = C950751926D2557C0042B175 /* Products */;
			projectDirPath = "";
			projectRoot = "";
			targets = (
				C950751726D2557C0042B175 /* Forking (iOS) */,
				C950751F26D2557C0042B175 /* Forking (macOS) */,
				C950752726D2557C0042B175 /* Tests iOS */,
				C950753226D2557C0042B175 /* Tests macOS */,
			);
		};
/* End PBXProject section */

/* Begin PBXResourcesBuildPhase section */
		C950751626D2557C0042B175 /* Resources */ = {
			isa = PBXResourcesBuildPhase;
			buildActionMask = 2147483647;
			files = (
				C950754226D2557C0042B175 /* Assets.xcassets in Resources */,
			);
			runOnlyForDeploymentPostprocessing = 0;
		};
		C950751E26D2557C0042B175 /* Resources */ = {
			isa = PBXResourcesBuildPhase;
			buildActionMask = 2147483647;
			files = (
				C950754326D2557C0042B175 /* Assets.xcassets in Resources */,
			);
			runOnlyForDeploymentPostprocessing = 0;
		};
		C950752626D2557C0042B175 /* Resources */ = {
			isa = PBXResourcesBuildPhase;
			buildActionMask = 2147483647;
			files = (
			);
			runOnlyForDeploymentPostprocessing = 0;
		};
		C950753126D2557C0042B175 /* Resources */ = {
			isa = PBXResourcesBuildPhase;
			buildActionMask = 2147483647;
			files = (
			);
			runOnlyForDeploymentPostprocessing = 0;
		};
/* End PBXResourcesBuildPhase section */

/* Begin PBXSourcesBuildPhase section */
		C950751426D2557C0042B175 /* Sources */ = {
			isa = PBXSourcesBuildPhase;
			buildActionMask = 2147483647;
			files = (
				C99F599626D7717C00F0AA20 /* CompareBranchesView.swift in Sources */,
				C9530BE426D42D7B00DA1660 /* IngredientListView.swift in Sources */,
				C99F598726D6779500F0AA20 /* ListBranchesView.swift in Sources */,
				C950756426D2877D0042B175 /* EditRecipeView.swift in Sources */,
				C99F598C26D6D89000F0AA20 /* EditBranchView.swift in Sources */,
				C9530BBA26D2F95900DA1660 /* Recipe+CoreDataClass.swift in Sources */,
				C918645226DCE0F3000450F8 /* BranchHistoryView.swift in Sources */,
				C9530BB226D2F95900DA1660 /* Note+CoreDataClass.swift in Sources */,
				C9530BBE26D2F95900DA1660 /* Recipe+CoreDataProperties.swift in Sources */,
				C99F598226D6541000F0AA20 /* NewNoteView.swift in Sources */,
				C9530BC626D2F95900DA1660 /* Branch+CoreDataProperties.swift in Sources */,
				C9530BDA26D2F95900DA1660 /* Version+CoreDataClass.swift in Sources */,
				C950753C26D2557C0042B175 /* ForkingApp.swift in Sources */,
				C9530BDE26D2F95900DA1660 /* Version+CoreDataProperties.swift in Sources */,
				C950757326D292F80042B175 /* RecipeView.swift in Sources */,
				C918645726DEC822000450F8 /* VersionView.swift in Sources */,
				C950755F26D285A70042B175 /* ListRecipesView.swift in Sources */,
				C950754026D2557C0042B175 /* Persistence.swift in Sources */,
				C918644D26DCBDBD000450F8 /* TextFieldAlert.swift in Sources */,
				C950756E26D28A860042B175 /* EditIngredientView.swift in Sources */,
				C950753A26D2557C0042B175 /* Forking.xcdatamodeld in Sources */,
				C9530BB626D2F95900DA1660 /* Note+CoreDataProperties.swift in Sources */,
				C9530BC226D2F95900DA1660 /* Branch+CoreDataClass.swift in Sources */,
				C99F599126D6D8CD00F0AA20 /* NewBranchView.swift in Sources */,
			);
			runOnlyForDeploymentPostprocessing = 0;
		};
		C950751C26D2557C0042B175 /* Sources */ = {
			isa = PBXSourcesBuildPhase;
			buildActionMask = 2147483647;
			files = (
				C99F599726D7717C00F0AA20 /* CompareBranchesView.swift in Sources */,
				C9530BE526D42D7B00DA1660 /* IngredientListView.swift in Sources */,
				C99F598826D6779500F0AA20 /* ListBranchesView.swift in Sources */,
				C950756526D2877D0042B175 /* EditRecipeView.swift in Sources */,
				C99F598D26D6D89000F0AA20 /* EditBranchView.swift in Sources */,
				C9530BBB26D2F95900DA1660 /* Recipe+CoreDataClass.swift in Sources */,
				C918645326DCE0F3000450F8 /* BranchHistoryView.swift in Sources */,
				C9530BB326D2F95900DA1660 /* Note+CoreDataClass.swift in Sources */,
				C9530BBF26D2F95900DA1660 /* Recipe+CoreDataProperties.swift in Sources */,
				C99F598326D6541000F0AA20 /* NewNoteView.swift in Sources */,
				C9530BC726D2F95900DA1660 /* Branch+CoreDataProperties.swift in Sources */,
				C9530BDB26D2F95900DA1660 /* Version+CoreDataClass.swift in Sources */,
				C950753D26D2557C0042B175 /* ForkingApp.swift in Sources */,
				C9530BDF26D2F95900DA1660 /* Version+CoreDataProperties.swift in Sources */,
				C950757426D292F80042B175 /* RecipeView.swift in Sources */,
				C918645826DEC822000450F8 /* VersionView.swift in Sources */,
				C950756026D285A70042B175 /* ListRecipesView.swift in Sources */,
				C950754126D2557C0042B175 /* Persistence.swift in Sources */,
				C918644E26DCBDBD000450F8 /* TextFieldAlert.swift in Sources */,
				C950756F26D28A860042B175 /* EditIngredientView.swift in Sources */,
				C950753B26D2557C0042B175 /* Forking.xcdatamodeld in Sources */,
				C9530BB726D2F95900DA1660 /* Note+CoreDataProperties.swift in Sources */,
				C9530BC326D2F95900DA1660 /* Branch+CoreDataClass.swift in Sources */,
				C99F599226D6D8CD00F0AA20 /* NewBranchView.swift in Sources */,
			);
			runOnlyForDeploymentPostprocessing = 0;
		};
		C950752426D2557C0042B175 /* Sources */ = {
			isa = PBXSourcesBuildPhase;
			buildActionMask = 2147483647;
			files = (
				C99F598926D6779500F0AA20 /* ListBranchesView.swift in Sources */,
				C9530BBC26D2F95900DA1660 /* Recipe+CoreDataClass.swift in Sources */,
				C9530BC426D2F95900DA1660 /* Branch+CoreDataClass.swift in Sources */,
				C9530BC826D2F95900DA1660 /* Branch+CoreDataProperties.swift in Sources */,
				C99F598E26D6D89000F0AA20 /* EditBranchView.swift in Sources */,
				C9530BB426D2F95900DA1660 /* Note+CoreDataClass.swift in Sources */,
				C9530BB826D2F95900DA1660 /* Note+CoreDataProperties.swift in Sources */,
				C9530BC026D2F95900DA1660 /* Recipe+CoreDataProperties.swift in Sources */,
				C950756126D285A70042B175 /* ListRecipesView.swift in Sources */,
				C918645426DCE0F3000450F8 /* BranchHistoryView.swift in Sources */,
				C950756626D2877D0042B175 /* EditRecipeView.swift in Sources */,
				C99F598426D6541000F0AA20 /* NewNoteView.swift in Sources */,
				C918645926DEC822000450F8 /* VersionView.swift in Sources */,
				C918644F26DCBDBD000450F8 /* TextFieldAlert.swift in Sources */,
				C99F599826D7717C00F0AA20 /* CompareBranchesView.swift in Sources */,
				C9530BDC26D2F95900DA1660 /* Version+CoreDataClass.swift in Sources */,
				C99F599326D6D8CD00F0AA20 /* NewBranchView.swift in Sources */,
				C950752D26D2557C0042B175 /* Tests_iOS.swift in Sources */,
				C9530BE026D2F95900DA1660 /* Version+CoreDataProperties.swift in Sources */,
				C9530BE626D42D7B00DA1660 /* IngredientListView.swift in Sources */,
				C950757526D292F80042B175 /* RecipeView.swift in Sources */,
				C950757026D28A860042B175 /* EditIngredientView.swift in Sources */,
			);
			runOnlyForDeploymentPostprocessing = 0;
		};
		C950752F26D2557C0042B175 /* Sources */ = {
			isa = PBXSourcesBuildPhase;
			buildActionMask = 2147483647;
			files = (
				C99F598A26D6779500F0AA20 /* ListBranchesView.swift in Sources */,
				C9530BBD26D2F95900DA1660 /* Recipe+CoreDataClass.swift in Sources */,
				C9530BC526D2F95900DA1660 /* Branch+CoreDataClass.swift in Sources */,
				C9530BC926D2F95900DA1660 /* Branch+CoreDataProperties.swift in Sources */,
				C99F598F26D6D89000F0AA20 /* EditBranchView.swift in Sources */,
				C9530BB526D2F95900DA1660 /* Note+CoreDataClass.swift in Sources */,
				C9530BB926D2F95900DA1660 /* Note+CoreDataProperties.swift in Sources */,
				C9530BC126D2F95900DA1660 /* Recipe+CoreDataProperties.swift in Sources */,
				C950756226D285A70042B175 /* ListRecipesView.swift in Sources */,
				C918645526DCE0F3000450F8 /* BranchHistoryView.swift in Sources */,
				C950756726D2877D0042B175 /* EditRecipeView.swift in Sources */,
				C99F598526D6541000F0AA20 /* NewNoteView.swift in Sources */,
				C918645A26DEC822000450F8 /* VersionView.swift in Sources */,
				C918645026DCBDBD000450F8 /* TextFieldAlert.swift in Sources */,
				C99F599926D7717C00F0AA20 /* CompareBranchesView.swift in Sources */,
				C9530BDD26D2F95900DA1660 /* Version+CoreDataClass.swift in Sources */,
				C99F599426D6D8CD00F0AA20 /* NewBranchView.swift in Sources */,
				C950753826D2557C0042B175 /* Tests_macOS.swift in Sources */,
				C9530BE126D2F95900DA1660 /* Version+CoreDataProperties.swift in Sources */,
				C9530BE726D42D7B00DA1660 /* IngredientListView.swift in Sources */,
				C950757626D292F80042B175 /* RecipeView.swift in Sources */,
				C950757126D28A860042B175 /* EditIngredientView.swift in Sources */,
			);
			runOnlyForDeploymentPostprocessing = 0;
		};
/* End PBXSourcesBuildPhase section */

/* Begin PBXTargetDependency section */
		C950752A26D2557C0042B175 /* PBXTargetDependency */ = {
			isa = PBXTargetDependency;
			target = C950751726D2557C0042B175 /* Forking (iOS) */;
			targetProxy = C950752926D2557C0042B175 /* PBXContainerItemProxy */;
		};
		C950753526D2557C0042B175 /* PBXTargetDependency */ = {
			isa = PBXTargetDependency;
			target = C950751F26D2557C0042B175 /* Forking (macOS) */;
			targetProxy = C950753426D2557C0042B175 /* PBXContainerItemProxy */;
		};
/* End PBXTargetDependency section */

/* Begin XCBuildConfiguration section */
		C950754426D2557C0042B175 /* Debug */ = {
			isa = XCBuildConfiguration;
			buildSettings = {
				ALWAYS_SEARCH_USER_PATHS = NO;
				CLANG_ANALYZER_NONNULL = YES;
				CLANG_ANALYZER_NUMBER_OBJECT_CONVERSION = YES_AGGRESSIVE;
				CLANG_CXX_LANGUAGE_STANDARD = "gnu++14";
				CLANG_CXX_LIBRARY = "libc++";
				CLANG_ENABLE_MODULES = YES;
				CLANG_ENABLE_OBJC_ARC = YES;
				CLANG_ENABLE_OBJC_WEAK = YES;
				CLANG_WARN_BLOCK_CAPTURE_AUTORELEASING = YES;
				CLANG_WARN_BOOL_CONVERSION = YES;
				CLANG_WARN_COMMA = YES;
				CLANG_WARN_CONSTANT_CONVERSION = YES;
				CLANG_WARN_DEPRECATED_OBJC_IMPLEMENTATIONS = YES;
				CLANG_WARN_DIRECT_OBJC_ISA_USAGE = YES_ERROR;
				CLANG_WARN_DOCUMENTATION_COMMENTS = YES;
				CLANG_WARN_EMPTY_BODY = YES;
				CLANG_WARN_ENUM_CONVERSION = YES;
				CLANG_WARN_INFINITE_RECURSION = YES;
				CLANG_WARN_INT_CONVERSION = YES;
				CLANG_WARN_NON_LITERAL_NULL_CONVERSION = YES;
				CLANG_WARN_OBJC_IMPLICIT_RETAIN_SELF = YES;
				CLANG_WARN_OBJC_LITERAL_CONVERSION = YES;
				CLANG_WARN_OBJC_ROOT_CLASS = YES_ERROR;
				CLANG_WARN_QUOTED_INCLUDE_IN_FRAMEWORK_HEADER = YES;
				CLANG_WARN_RANGE_LOOP_ANALYSIS = YES;
				CLANG_WARN_STRICT_PROTOTYPES = YES;
				CLANG_WARN_SUSPICIOUS_MOVE = YES;
				CLANG_WARN_UNGUARDED_AVAILABILITY = YES_AGGRESSIVE;
				CLANG_WARN_UNREACHABLE_CODE = YES;
				CLANG_WARN__DUPLICATE_METHOD_MATCH = YES;
				COPY_PHASE_STRIP = NO;
				DEBUG_INFORMATION_FORMAT = dwarf;
				ENABLE_STRICT_OBJC_MSGSEND = YES;
				ENABLE_TESTABILITY = YES;
				GCC_C_LANGUAGE_STANDARD = gnu11;
				GCC_DYNAMIC_NO_PIC = NO;
				GCC_NO_COMMON_BLOCKS = YES;
				GCC_OPTIMIZATION_LEVEL = 0;
				GCC_PREPROCESSOR_DEFINITIONS = (
					"DEBUG=1",
					"$(inherited)",
				);
				GCC_WARN_64_TO_32_BIT_CONVERSION = YES;
				GCC_WARN_ABOUT_RETURN_TYPE = YES_ERROR;
				GCC_WARN_UNDECLARED_SELECTOR = YES;
				GCC_WARN_UNINITIALIZED_AUTOS = YES_AGGRESSIVE;
				GCC_WARN_UNUSED_FUNCTION = YES;
				GCC_WARN_UNUSED_VARIABLE = YES;
				MTL_ENABLE_DEBUG_INFO = INCLUDE_SOURCE;
				MTL_FAST_MATH = YES;
				ONLY_ACTIVE_ARCH = YES;
				SWIFT_ACTIVE_COMPILATION_CONDITIONS = DEBUG;
				SWIFT_OPTIMIZATION_LEVEL = "-Onone";
			};
			name = Debug;
		};
		C950754526D2557C0042B175 /* Release */ = {
			isa = XCBuildConfiguration;
			buildSettings = {
				ALWAYS_SEARCH_USER_PATHS = NO;
				CLANG_ANALYZER_NONNULL = YES;
				CLANG_ANALYZER_NUMBER_OBJECT_CONVERSION = YES_AGGRESSIVE;
				CLANG_CXX_LANGUAGE_STANDARD = "gnu++14";
				CLANG_CXX_LIBRARY = "libc++";
				CLANG_ENABLE_MODULES = YES;
				CLANG_ENABLE_OBJC_ARC = YES;
				CLANG_ENABLE_OBJC_WEAK = YES;
				CLANG_WARN_BLOCK_CAPTURE_AUTORELEASING = YES;
				CLANG_WARN_BOOL_CONVERSION = YES;
				CLANG_WARN_COMMA = YES;
				CLANG_WARN_CONSTANT_CONVERSION = YES;
				CLANG_WARN_DEPRECATED_OBJC_IMPLEMENTATIONS = YES;
				CLANG_WARN_DIRECT_OBJC_ISA_USAGE = YES_ERROR;
				CLANG_WARN_DOCUMENTATION_COMMENTS = YES;
				CLANG_WARN_EMPTY_BODY = YES;
				CLANG_WARN_ENUM_CONVERSION = YES;
				CLANG_WARN_INFINITE_RECURSION = YES;
				CLANG_WARN_INT_CONVERSION = YES;
				CLANG_WARN_NON_LITERAL_NULL_CONVERSION = YES;
				CLANG_WARN_OBJC_IMPLICIT_RETAIN_SELF = YES;
				CLANG_WARN_OBJC_LITERAL_CONVERSION = YES;
				CLANG_WARN_OBJC_ROOT_CLASS = YES_ERROR;
				CLANG_WARN_QUOTED_INCLUDE_IN_FRAMEWORK_HEADER = YES;
				CLANG_WARN_RANGE_LOOP_ANALYSIS = YES;
				CLANG_WARN_STRICT_PROTOTYPES = YES;
				CLANG_WARN_SUSPICIOUS_MOVE = YES;
				CLANG_WARN_UNGUARDED_AVAILABILITY = YES_AGGRESSIVE;
				CLANG_WARN_UNREACHABLE_CODE = YES;
				CLANG_WARN__DUPLICATE_METHOD_MATCH = YES;
				COPY_PHASE_STRIP = NO;
				DEBUG_INFORMATION_FORMAT = "dwarf-with-dsym";
				ENABLE_NS_ASSERTIONS = NO;
				ENABLE_STRICT_OBJC_MSGSEND = YES;
				GCC_C_LANGUAGE_STANDARD = gnu11;
				GCC_NO_COMMON_BLOCKS = YES;
				GCC_WARN_64_TO_32_BIT_CONVERSION = YES;
				GCC_WARN_ABOUT_RETURN_TYPE = YES_ERROR;
				GCC_WARN_UNDECLARED_SELECTOR = YES;
				GCC_WARN_UNINITIALIZED_AUTOS = YES_AGGRESSIVE;
				GCC_WARN_UNUSED_FUNCTION = YES;
				GCC_WARN_UNUSED_VARIABLE = YES;
				MTL_ENABLE_DEBUG_INFO = NO;
				MTL_FAST_MATH = YES;
				SWIFT_COMPILATION_MODE = wholemodule;
				SWIFT_OPTIMIZATION_LEVEL = "-O";
			};
			name = Release;
		};
		C950754726D2557C0042B175 /* Debug */ = {
			isa = XCBuildConfiguration;
			buildSettings = {
				ASSETCATALOG_COMPILER_APPICON_NAME = AppIcon;
				ASSETCATALOG_COMPILER_GLOBAL_ACCENT_COLOR_NAME = AccentColor;
				CODE_SIGN_STYLE = Automatic;
				DEVELOPMENT_TEAM = 922DS6BX5S;
				ENABLE_PREVIEWS = YES;
				INFOPLIST_FILE = iOS/Info.plist;
				IPHONEOS_DEPLOYMENT_TARGET = 14.0;
				LD_RUNPATH_SEARCH_PATHS = (
					"$(inherited)",
					"@executable_path/Frameworks",
				);
				PRODUCT_BUNDLE_IDENTIFIER = com.mattdeyoung.Forking;
				PRODUCT_NAME = Forking;
				SDKROOT = iphoneos;
				SWIFT_VERSION = 5.0;
				TARGETED_DEVICE_FAMILY = "1,2";
			};
			name = Debug;
		};
		C950754826D2557C0042B175 /* Release */ = {
			isa = XCBuildConfiguration;
			buildSettings = {
				ASSETCATALOG_COMPILER_APPICON_NAME = AppIcon;
				ASSETCATALOG_COMPILER_GLOBAL_ACCENT_COLOR_NAME = AccentColor;
				CODE_SIGN_STYLE = Automatic;
				DEVELOPMENT_TEAM = 922DS6BX5S;
				ENABLE_PREVIEWS = YES;
				INFOPLIST_FILE = iOS/Info.plist;
				IPHONEOS_DEPLOYMENT_TARGET = 14.0;
				LD_RUNPATH_SEARCH_PATHS = (
					"$(inherited)",
					"@executable_path/Frameworks",
				);
				PRODUCT_BUNDLE_IDENTIFIER = com.mattdeyoung.Forking;
				PRODUCT_NAME = Forking;
				SDKROOT = iphoneos;
				SWIFT_VERSION = 5.0;
				TARGETED_DEVICE_FAMILY = "1,2";
				VALIDATE_PRODUCT = YES;
			};
			name = Release;
		};
		C950754A26D2557C0042B175 /* Debug */ = {
			isa = XCBuildConfiguration;
			buildSettings = {
				ASSETCATALOG_COMPILER_APPICON_NAME = AppIcon;
				ASSETCATALOG_COMPILER_GLOBAL_ACCENT_COLOR_NAME = AccentColor;
				CODE_SIGN_ENTITLEMENTS = macOS/macOS.entitlements;
				CODE_SIGN_STYLE = Automatic;
				COMBINE_HIDPI_IMAGES = YES;
				DEVELOPMENT_TEAM = 922DS6BX5S;
				ENABLE_HARDENED_RUNTIME = YES;
				ENABLE_PREVIEWS = YES;
				INFOPLIST_FILE = macOS/Info.plist;
				LD_RUNPATH_SEARCH_PATHS = (
					"$(inherited)",
					"@executable_path/../Frameworks",
				);
				MACOSX_DEPLOYMENT_TARGET = 11.0;
				PRODUCT_BUNDLE_IDENTIFIER = com.mattdeyoung.Forking;
				PRODUCT_NAME = Forking;
				SDKROOT = macosx;
				SWIFT_VERSION = 5.0;
			};
			name = Debug;
		};
		C950754B26D2557C0042B175 /* Release */ = {
			isa = XCBuildConfiguration;
			buildSettings = {
				ASSETCATALOG_COMPILER_APPICON_NAME = AppIcon;
				ASSETCATALOG_COMPILER_GLOBAL_ACCENT_COLOR_NAME = AccentColor;
				CODE_SIGN_ENTITLEMENTS = macOS/macOS.entitlements;
				CODE_SIGN_STYLE = Automatic;
				COMBINE_HIDPI_IMAGES = YES;
				DEVELOPMENT_TEAM = 922DS6BX5S;
				ENABLE_HARDENED_RUNTIME = YES;
				ENABLE_PREVIEWS = YES;
				INFOPLIST_FILE = macOS/Info.plist;
				LD_RUNPATH_SEARCH_PATHS = (
					"$(inherited)",
					"@executable_path/../Frameworks",
				);
				MACOSX_DEPLOYMENT_TARGET = 11.0;
				PRODUCT_BUNDLE_IDENTIFIER = com.mattdeyoung.Forking;
				PRODUCT_NAME = Forking;
				SDKROOT = macosx;
				SWIFT_VERSION = 5.0;
			};
			name = Release;
		};
		C950754D26D2557C0042B175 /* Debug */ = {
			isa = XCBuildConfiguration;
			buildSettings = {
				ALWAYS_EMBED_SWIFT_STANDARD_LIBRARIES = YES;
				CODE_SIGN_STYLE = Automatic;
				DEVELOPMENT_TEAM = 922DS6BX5S;
				INFOPLIST_FILE = "Tests iOS/Info.plist";
				IPHONEOS_DEPLOYMENT_TARGET = 14.5;
				LD_RUNPATH_SEARCH_PATHS = (
					"$(inherited)",
					"@executable_path/Frameworks",
					"@loader_path/Frameworks",
				);
				PRODUCT_BUNDLE_IDENTIFIER = "com.mattdeyoung.Tests-iOS";
				PRODUCT_NAME = "$(TARGET_NAME)";
				SDKROOT = iphoneos;
				SWIFT_VERSION = 5.0;
				TARGETED_DEVICE_FAMILY = "1,2";
				TEST_TARGET_NAME = "Forking (iOS)";
			};
			name = Debug;
		};
		C950754E26D2557C0042B175 /* Release */ = {
			isa = XCBuildConfiguration;
			buildSettings = {
				ALWAYS_EMBED_SWIFT_STANDARD_LIBRARIES = YES;
				CODE_SIGN_STYLE = Automatic;
				DEVELOPMENT_TEAM = 922DS6BX5S;
				INFOPLIST_FILE = "Tests iOS/Info.plist";
				IPHONEOS_DEPLOYMENT_TARGET = 14.5;
				LD_RUNPATH_SEARCH_PATHS = (
					"$(inherited)",
					"@executable_path/Frameworks",
					"@loader_path/Frameworks",
				);
				PRODUCT_BUNDLE_IDENTIFIER = "com.mattdeyoung.Tests-iOS";
				PRODUCT_NAME = "$(TARGET_NAME)";
				SDKROOT = iphoneos;
				SWIFT_VERSION = 5.0;
				TARGETED_DEVICE_FAMILY = "1,2";
				TEST_TARGET_NAME = "Forking (iOS)";
				VALIDATE_PRODUCT = YES;
			};
			name = Release;
		};
		C950755026D2557C0042B175 /* Debug */ = {
			isa = XCBuildConfiguration;
			buildSettings = {
				ALWAYS_EMBED_SWIFT_STANDARD_LIBRARIES = YES;
				CODE_SIGN_STYLE = Automatic;
				COMBINE_HIDPI_IMAGES = YES;
				DEVELOPMENT_TEAM = 922DS6BX5S;
				INFOPLIST_FILE = "Tests macOS/Info.plist";
				LD_RUNPATH_SEARCH_PATHS = (
					"$(inherited)",
					"@executable_path/../Frameworks",
					"@loader_path/../Frameworks",
				);
				MACOSX_DEPLOYMENT_TARGET = 11.3;
				PRODUCT_BUNDLE_IDENTIFIER = "com.mattdeyoung.Tests-macOS";
				PRODUCT_NAME = "$(TARGET_NAME)";
				SDKROOT = macosx;
				SWIFT_VERSION = 5.0;
				TEST_TARGET_NAME = "Forking (macOS)";
			};
			name = Debug;
		};
		C950755126D2557C0042B175 /* Release */ = {
			isa = XCBuildConfiguration;
			buildSettings = {
				ALWAYS_EMBED_SWIFT_STANDARD_LIBRARIES = YES;
				CODE_SIGN_STYLE = Automatic;
				COMBINE_HIDPI_IMAGES = YES;
				DEVELOPMENT_TEAM = 922DS6BX5S;
				INFOPLIST_FILE = "Tests macOS/Info.plist";
				LD_RUNPATH_SEARCH_PATHS = (
					"$(inherited)",
					"@executable_path/../Frameworks",
					"@loader_path/../Frameworks",
				);
				MACOSX_DEPLOYMENT_TARGET = 11.3;
				PRODUCT_BUNDLE_IDENTIFIER = "com.mattdeyoung.Tests-macOS";
				PRODUCT_NAME = "$(TARGET_NAME)";
				SDKROOT = macosx;
				SWIFT_VERSION = 5.0;
				TEST_TARGET_NAME = "Forking (macOS)";
			};
			name = Release;
		};
/* End XCBuildConfiguration section */

/* Begin XCConfigurationList section */
		C950750C26D2557B0042B175 /* Build configuration list for PBXProject "Forking" */ = {
			isa = XCConfigurationList;
			buildConfigurations = (
				C950754426D2557C0042B175 /* Debug */,
				C950754526D2557C0042B175 /* Release */,
			);
			defaultConfigurationIsVisible = 0;
			defaultConfigurationName = Release;
		};
		C950754626D2557C0042B175 /* Build configuration list for PBXNativeTarget "Forking (iOS)" */ = {
			isa = XCConfigurationList;
			buildConfigurations = (
				C950754726D2557C0042B175 /* Debug */,
				C950754826D2557C0042B175 /* Release */,
			);
			defaultConfigurationIsVisible = 0;
			defaultConfigurationName = Release;
		};
		C950754926D2557C0042B175 /* Build configuration list for PBXNativeTarget "Forking (macOS)" */ = {
			isa = XCConfigurationList;
			buildConfigurations = (
				C950754A26D2557C0042B175 /* Debug */,
				C950754B26D2557C0042B175 /* Release */,
			);
			defaultConfigurationIsVisible = 0;
			defaultConfigurationName = Release;
		};
		C950754C26D2557C0042B175 /* Build configuration list for PBXNativeTarget "Tests iOS" */ = {
			isa = XCConfigurationList;
			buildConfigurations = (
				C950754D26D2557C0042B175 /* Debug */,
				C950754E26D2557C0042B175 /* Release */,
			);
			defaultConfigurationIsVisible = 0;
			defaultConfigurationName = Release;
		};
		C950754F26D2557C0042B175 /* Build configuration list for PBXNativeTarget "Tests macOS" */ = {
			isa = XCConfigurationList;
			buildConfigurations = (
				C950755026D2557C0042B175 /* Debug */,
				C950755126D2557C0042B175 /* Release */,
			);
			defaultConfigurationIsVisible = 0;
			defaultConfigurationName = Release;
		};
/* End XCConfigurationList section */

/* Begin XCVersionGroup section */
		C950750E26D2557B0042B175 /* Forking.xcdatamodeld */ = {
			isa = XCVersionGroup;
			children = (
				C950750F26D2557B0042B175 /* Shared.xcdatamodel */,
			);
			currentVersion = C950750F26D2557B0042B175 /* Shared.xcdatamodel */;
			path = Forking.xcdatamodeld;
			sourceTree = "<group>";
			versionGroupType = wrapper.xcdatamodel;
		};
/* End XCVersionGroup section */
	};
	rootObject = C950750926D2557B0042B175 /* Project object */;
}
